// !$*UTF8*$!
{
	archiveVersion = 1;
	classes = {
	};
	objectVersion = 46;
	objects = {

/* Begin PBXBuildFile section */
		1C4A3098416DAB6F31F0B2CD /* libPods.a in Frameworks */ = {isa = PBXBuildFile; fileRef = 04824CEA27893AAA4128F298 /* libPods.a */; };
		E03E309C1CAA9ABC00683A23 /* CustomButtonTests.m in Sources */ = {isa = PBXBuildFile; fileRef = E03E309B1CAA9ABC00683A23 /* CustomButtonTests.m */; };
		E03E30A71CAA9ABC00683A23 /* CustomButtonUITests.m in Sources */ = {isa = PBXBuildFile; fileRef = E03E30A61CAA9ABC00683A23 /* CustomButtonUITests.m */; };
		E03E30C11CAA9C7800683A23 /* GGBannerView.m in Sources */ = {isa = PBXBuildFile; fileRef = E03E30B71CAA9C7800683A23 /* GGBannerView.m */; };
		E03E30C21CAA9C7800683A23 /* HJHomeBannTableViewCell.m in Sources */ = {isa = PBXBuildFile; fileRef = E03E30B91CAA9C7800683A23 /* HJHomeBannTableViewCell.m */; };
		E03E30C31CAA9C7800683A23 /* HJHomeButton.m in Sources */ = {isa = PBXBuildFile; fileRef = E03E30BB1CAA9C7800683A23 /* HJHomeButton.m */; };
		E03E30C41CAA9C7800683A23 /* HJHomeButtonTableViewCell.m in Sources */ = {isa = PBXBuildFile; fileRef = E03E30BD1CAA9C7800683A23 /* HJHomeButtonTableViewCell.m */; };
		E03E30C51CAA9C7800683A23 /* HJHomeViewController.m in Sources */ = {isa = PBXBuildFile; fileRef = E03E30BF1CAA9C7800683A23 /* HJHomeViewController.m */; };
		E03E30C61CAA9C7800683A23 /* home.xcassets in Resources */ = {isa = PBXBuildFile; fileRef = E03E30C01CAA9C7800683A23 /* home.xcassets */; };
		E03E30C81CAA9FB700683A23 /* CFNetwork.framework in Frameworks */ = {isa = PBXBuildFile; fileRef = E03E30C71CAA9FB700683A23 /* CFNetwork.framework */; };
		E03E30CA1CAA9FDF00683A23 /* SystemConfiguration.framework in Frameworks */ = {isa = PBXBuildFile; fileRef = E03E30C91CAA9FDF00683A23 /* SystemConfiguration.framework */; };
		E03E30CC1CAA9FE900683A23 /* Foundation.framework in Frameworks */ = {isa = PBXBuildFile; fileRef = E03E30CB1CAA9FE900683A23 /* Foundation.framework */; };
		E03E30D01CAAA00B00683A23 /* libAFNetworking.a in Frameworks */ = {isa = PBXBuildFile; fileRef = E03E30CD1CAAA00B00683A23 /* libAFNetworking.a */; };
		E03E30D11CAAA00B00683A23 /* libMasonry.a in Frameworks */ = {isa = PBXBuildFile; fileRef = E03E30CE1CAAA00B00683A23 /* libMasonry.a */; };
		E03E30D21CAAA00B00683A23 /* libSDWebImage.a in Frameworks */ = {isa = PBXBuildFile; fileRef = E03E30CF1CAAA00B00683A23 /* libSDWebImage.a */; };
/* End PBXBuildFile section */

/* Begin PBXContainerItemProxy section */
		E03E30981CAA9ABC00683A23 /* PBXContainerItemProxy */ = {
			isa = PBXContainerItemProxy;
			containerPortal = E03E30761CAA9ABC00683A23 /* Project object */;
			proxyType = 1;
			remoteGlobalIDString = E03E307D1CAA9ABC00683A23;
			remoteInfo = CustomButton;
		};
		E03E30A31CAA9ABC00683A23 /* PBXContainerItemProxy */ = {
			isa = PBXContainerItemProxy;
			containerPortal = E03E30761CAA9ABC00683A23 /* Project object */;
			proxyType = 1;
			remoteGlobalIDString = E03E307D1CAA9ABC00683A23;
			remoteInfo = CustomButton;
		};
/* End PBXContainerItemProxy section */

/* Begin PBXFileReference section */
		04824CEA27893AAA4128F298 /* libPods.a */ = {isa = PBXFileReference; explicitFileType = archive.ar; includeInIndex = 0; path = libPods.a; sourceTree = BUILT_PRODUCTS_DIR; };
		5F723646E658E6C50B5A366F /* Pods.release.xcconfig */ = {isa = PBXFileReference; includeInIndex = 1; lastKnownFileType = text.xcconfig; name = Pods.release.xcconfig; path = "Pods/Target Support Files/Pods/Pods.release.xcconfig"; sourceTree = "<group>"; };
		E03E307E1CAA9ABC00683A23 /* CustomButton.app */ = {isa = PBXFileReference; explicitFileType = wrapper.application; includeInIndex = 0; path = CustomButton.app; sourceTree = BUILT_PRODUCTS_DIR; };
		E03E30971CAA9ABC00683A23 /* CustomButtonTests.xctest */ = {isa = PBXFileReference; explicitFileType = wrapper.cfbundle; includeInIndex = 0; path = CustomButtonTests.xctest; sourceTree = BUILT_PRODUCTS_DIR; };
		E03E309B1CAA9ABC00683A23 /* CustomButtonTests.m */ = {isa = PBXFileReference; lastKnownFileType = sourcecode.c.objc; path = CustomButtonTests.m; sourceTree = "<group>"; };
		E03E309D1CAA9ABC00683A23 /* Info.plist */ = {isa = PBXFileReference; lastKnownFileType = text.plist.xml; path = Info.plist; sourceTree = "<group>"; };
		E03E30A21CAA9ABC00683A23 /* CustomButtonUITests.xctest */ = {isa = PBXFileReference; explicitFileType = wrapper.cfbundle; includeInIndex = 0; path = CustomButtonUITests.xctest; sourceTree = BUILT_PRODUCTS_DIR; };
		E03E30A61CAA9ABC00683A23 /* CustomButtonUITests.m */ = {isa = PBXFileReference; lastKnownFileType = sourcecode.c.objc; path = CustomButtonUITests.m; sourceTree = "<group>"; };
		E03E30A81CAA9ABC00683A23 /* Info.plist */ = {isa = PBXFileReference; lastKnownFileType = text.plist.xml; path = Info.plist; sourceTree = "<group>"; };
		E03E30B61CAA9C7800683A23 /* GGBannerView.h */ = {isa = PBXFileReference; fileEncoding = 4; lastKnownFileType = sourcecode.c.h; path = GGBannerView.h; sourceTree = "<group>"; };
		E03E30B71CAA9C7800683A23 /* GGBannerView.m */ = {isa = PBXFileReference; fileEncoding = 4; lastKnownFileType = sourcecode.c.objc; path = GGBannerView.m; sourceTree = "<group>"; };
		E03E30B81CAA9C7800683A23 /* HJHomeBannTableViewCell.h */ = {isa = PBXFileReference; fileEncoding = 4; lastKnownFileType = sourcecode.c.h; path = HJHomeBannTableViewCell.h; sourceTree = "<group>"; };
		E03E30B91CAA9C7800683A23 /* HJHomeBannTableViewCell.m */ = {isa = PBXFileReference; fileEncoding = 4; lastKnownFileType = sourcecode.c.objc; path = HJHomeBannTableViewCell.m; sourceTree = "<group>"; };
		E03E30BA1CAA9C7800683A23 /* HJHomeButton.h */ = {isa = PBXFileReference; fileEncoding = 4; lastKnownFileType = sourcecode.c.h; path = HJHomeButton.h; sourceTree = "<group>"; };
		E03E30BB1CAA9C7800683A23 /* HJHomeButton.m */ = {isa = PBXFileReference; fileEncoding = 4; lastKnownFileType = sourcecode.c.objc; path = HJHomeButton.m; sourceTree = "<group>"; };
		E03E30BC1CAA9C7800683A23 /* HJHomeButtonTableViewCell.h */ = {isa = PBXFileReference; fileEncoding = 4; lastKnownFileType = sourcecode.c.h; path = HJHomeButtonTableViewCell.h; sourceTree = "<group>"; };
		E03E30BD1CAA9C7800683A23 /* HJHomeButtonTableViewCell.m */ = {isa = PBXFileReference; fileEncoding = 4; lastKnownFileType = sourcecode.c.objc; path = HJHomeButtonTableViewCell.m; sourceTree = "<group>"; };
		E03E30BE1CAA9C7800683A23 /* HJHomeViewController.h */ = {isa = PBXFileReference; fileEncoding = 4; lastKnownFileType = sourcecode.c.h; path = HJHomeViewController.h; sourceTree = "<group>"; };
		E03E30BF1CAA9C7800683A23 /* HJHomeViewController.m */ = {isa = PBXFileReference; fileEncoding = 4; lastKnownFileType = sourcecode.c.objc; path = HJHomeViewController.m; sourceTree = "<group>"; };
		E03E30C01CAA9C7800683A23 /* home.xcassets */ = {isa = PBXFileReference; lastKnownFileType = folder.assetcatalog; path = home.xcassets; sourceTree = "<group>"; };
		E03E30C71CAA9FB700683A23 /* CFNetwork.framework */ = {isa = PBXFileReference; lastKnownFileType = wrapper.framework; name = CFNetwork.framework; path = System/Library/Frameworks/CFNetwork.framework; sourceTree = SDKROOT; };
		E03E30C91CAA9FDF00683A23 /* SystemConfiguration.framework */ = {isa = PBXFileReference; lastKnownFileType = wrapper.framework; name = SystemConfiguration.framework; path = System/Library/Frameworks/SystemConfiguration.framework; sourceTree = SDKROOT; };
		E03E30CB1CAA9FE900683A23 /* Foundation.framework */ = {isa = PBXFileReference; lastKnownFileType = wrapper.framework; name = Foundation.framework; path = System/Library/Frameworks/Foundation.framework; sourceTree = SDKROOT; };
		E03E30CD1CAAA00B00683A23 /* libAFNetworking.a */ = {isa = PBXFileReference; lastKnownFileType = archive.ar; name = libAFNetworking.a; path = "Pods/../build/Debug-iphoneos/libAFNetworking.a"; sourceTree = "<group>"; };
		E03E30CE1CAAA00B00683A23 /* libMasonry.a */ = {isa = PBXFileReference; lastKnownFileType = archive.ar; name = libMasonry.a; path = "Pods/../build/Debug-iphoneos/libMasonry.a"; sourceTree = "<group>"; };
		E03E30CF1CAAA00B00683A23 /* libSDWebImage.a */ = {isa = PBXFileReference; lastKnownFileType = archive.ar; name = libSDWebImage.a; path = "Pods/../build/Debug-iphoneos/libSDWebImage.a"; sourceTree = "<group>"; };
		E9138604A2E31A6A79F497CB /* Pods.debug.xcconfig */ = {isa = PBXFileReference; includeInIndex = 1; lastKnownFileType = text.xcconfig; name = Pods.debug.xcconfig; path = "Pods/Target Support Files/Pods/Pods.debug.xcconfig"; sourceTree = "<group>"; };
/* End PBXFileReference section */

/* Begin PBXFrameworksBuildPhase section */
		E03E307B1CAA9ABC00683A23 /* Frameworks */ = {
			isa = PBXFrameworksBuildPhase;
			buildActionMask = 2147483647;
			files = (
				E03E30D01CAAA00B00683A23 /* libAFNetworking.a in Frameworks */,
				E03E30D11CAAA00B00683A23 /* libMasonry.a in Frameworks */,
				E03E30D21CAAA00B00683A23 /* libSDWebImage.a in Frameworks */,
				E03E30CC1CAA9FE900683A23 /* Foundation.framework in Frameworks */,
				E03E30CA1CAA9FDF00683A23 /* SystemConfiguration.framework in Frameworks */,
				E03E30C81CAA9FB700683A23 /* CFNetwork.framework in Frameworks */,
				1C4A3098416DAB6F31F0B2CD /* libPods.a in Frameworks */,
			);
			runOnlyForDeploymentPostprocessing = 0;
		};
		E03E30941CAA9ABC00683A23 /* Frameworks */ = {
			isa = PBXFrameworksBuildPhase;
			buildActionMask = 2147483647;
			files = (
			);
			runOnlyForDeploymentPostprocessing = 0;
		};
		E03E309F1CAA9ABC00683A23 /* Frameworks */ = {
			isa = PBXFrameworksBuildPhase;
			buildActionMask = 2147483647;
			files = (
			);
			runOnlyForDeploymentPostprocessing = 0;
		};
/* End PBXFrameworksBuildPhase section */

/* Begin PBXGroup section */
		2462C68FA5F517E31D23A843 /* Pods */ = {
			isa = PBXGroup;
			children = (
				E9138604A2E31A6A79F497CB /* Pods.debug.xcconfig */,
				5F723646E658E6C50B5A366F /* Pods.release.xcconfig */,
			);
			name = Pods;
			sourceTree = "<group>";
		};
		58C213860EAC69923144B6A9 /* Frameworks */ = {
			isa = PBXGroup;
			children = (
				E03E30CD1CAAA00B00683A23 /* libAFNetworking.a */,
				E03E30CE1CAAA00B00683A23 /* libMasonry.a */,
				E03E30CF1CAAA00B00683A23 /* libSDWebImage.a */,
				E03E30CB1CAA9FE900683A23 /* Foundation.framework */,
				E03E30C91CAA9FDF00683A23 /* SystemConfiguration.framework */,
				E03E30C71CAA9FB700683A23 /* CFNetwork.framework */,
				04824CEA27893AAA4128F298 /* libPods.a */,
			);
			name = Frameworks;
			sourceTree = "<group>";
		};
		E03E30751CAA9ABC00683A23 = {
			isa = PBXGroup;
			children = (
				E03E30B41CAA9ACF00683A23 /* Button */,
				E03E309A1CAA9ABC00683A23 /* CustomButtonTests */,
				E03E30A51CAA9ABC00683A23 /* CustomButtonUITests */,
				58C213860EAC69923144B6A9 /* Frameworks */,
				2462C68FA5F517E31D23A843 /* Pods */,
				E03E307F1CAA9ABC00683A23 /* Products */,
			);
			sourceTree = "<group>";
		};
		E03E307F1CAA9ABC00683A23 /* Products */ = {
			isa = PBXGroup;
			children = (
				E03E307E1CAA9ABC00683A23 /* CustomButton.app */,
				E03E30971CAA9ABC00683A23 /* CustomButtonTests.xctest */,
				E03E30A21CAA9ABC00683A23 /* CustomButtonUITests.xctest */,
			);
			name = Products;
			sourceTree = "<group>";
		};
		E03E309A1CAA9ABC00683A23 /* CustomButtonTests */ = {
			isa = PBXGroup;
			children = (
				E03E309B1CAA9ABC00683A23 /* CustomButtonTests.m */,
				E03E309D1CAA9ABC00683A23 /* Info.plist */,
			);
			path = CustomButtonTests;
			sourceTree = "<group>";
		};
		E03E30A51CAA9ABC00683A23 /* CustomButtonUITests */ = {
			isa = PBXGroup;
			children = (
				E03E30A61CAA9ABC00683A23 /* CustomButtonUITests.m */,
				E03E30A81CAA9ABC00683A23 /* Info.plist */,
			);
			path = CustomButtonUITests;
			sourceTree = "<group>";
		};
		E03E30B41CAA9ACF00683A23 /* Button */ = {
			isa = PBXGroup;
			children = (
				E03E30B51CAA9C7800683A23 /* Custom */,
			);
			path = Button;
			sourceTree = "<group>";
		};
		E03E30B51CAA9C7800683A23 /* Custom */ = {
			isa = PBXGroup;
			children = (
				E03E30B61CAA9C7800683A23 /* GGBannerView.h */,
				E03E30B71CAA9C7800683A23 /* GGBannerView.m */,
				E03E30B81CAA9C7800683A23 /* HJHomeBannTableViewCell.h */,
				E03E30B91CAA9C7800683A23 /* HJHomeBannTableViewCell.m */,
				E03E30BA1CAA9C7800683A23 /* HJHomeButton.h */,
				E03E30BB1CAA9C7800683A23 /* HJHomeButton.m */,
				E03E30BC1CAA9C7800683A23 /* HJHomeButtonTableViewCell.h */,
				E03E30BD1CAA9C7800683A23 /* HJHomeButtonTableViewCell.m */,
				E03E30BE1CAA9C7800683A23 /* HJHomeViewController.h */,
				E03E30BF1CAA9C7800683A23 /* HJHomeViewController.m */,
				E03E30C01CAA9C7800683A23 /* home.xcassets */,
			);
			name = Custom;
			path = "CustomButton/未命名文件夹";
			sourceTree = SOURCE_ROOT;
		};
/* End PBXGroup section */

/* Begin PBXNativeTarget section */
		E03E307D1CAA9ABC00683A23 /* CustomButton */ = {
			isa = PBXNativeTarget;
			buildConfigurationList = E03E30AB1CAA9ABC00683A23 /* Build configuration list for PBXNativeTarget "CustomButton" */;
			buildPhases = (
				984F55E1205F3F3A34F00846 /* Check Pods Manifest.lock */,
				E03E307A1CAA9ABC00683A23 /* Sources */,
				E03E307B1CAA9ABC00683A23 /* Frameworks */,
				E03E307C1CAA9ABC00683A23 /* Resources */,
				E10F8D17C9C8139A924DAF5A /* Copy Pods Resources */,
			);
			buildRules = (
			);
			dependencies = (
			);
			name = CustomButton;
			productName = CustomButton;
			productReference = E03E307E1CAA9ABC00683A23 /* CustomButton.app */;
			productType = "com.apple.product-type.application";
		};
		E03E30961CAA9ABC00683A23 /* CustomButtonTests */ = {
			isa = PBXNativeTarget;
			buildConfigurationList = E03E30AE1CAA9ABC00683A23 /* Build configuration list for PBXNativeTarget "CustomButtonTests" */;
			buildPhases = (
				E03E30931CAA9ABC00683A23 /* Sources */,
				E03E30941CAA9ABC00683A23 /* Frameworks */,
				E03E30951CAA9ABC00683A23 /* Resources */,
			);
			buildRules = (
			);
			dependencies = (
				E03E30991CAA9ABC00683A23 /* PBXTargetDependency */,
			);
			name = CustomButtonTests;
			productName = CustomButtonTests;
			productReference = E03E30971CAA9ABC00683A23 /* CustomButtonTests.xctest */;
			productType = "com.apple.product-type.bundle.unit-test";
		};
		E03E30A11CAA9ABC00683A23 /* CustomButtonUITests */ = {
			isa = PBXNativeTarget;
			buildConfigurationList = E03E30B11CAA9ABC00683A23 /* Build configuration list for PBXNativeTarget "CustomButtonUITests" */;
			buildPhases = (
				E03E309E1CAA9ABC00683A23 /* Sources */,
				E03E309F1CAA9ABC00683A23 /* Frameworks */,
				E03E30A01CAA9ABC00683A23 /* Resources */,
			);
			buildRules = (
			);
			dependencies = (
				E03E30A41CAA9ABC00683A23 /* PBXTargetDependency */,
			);
			name = CustomButtonUITests;
			productName = CustomButtonUITests;
			productReference = E03E30A21CAA9ABC00683A23 /* CustomButtonUITests.xctest */;
			productType = "com.apple.product-type.bundle.ui-testing";
		};
/* End PBXNativeTarget section */

/* Begin PBXProject section */
		E03E30761CAA9ABC00683A23 /* Project object */ = {
			isa = PBXProject;
			attributes = {
				LastUpgradeCheck = 0720;
				ORGANIZATIONNAME = com.hjojo;
				TargetAttributes = {
					E03E307D1CAA9ABC00683A23 = {
						CreatedOnToolsVersion = 7.2.1;
					};
					E03E30961CAA9ABC00683A23 = {
						CreatedOnToolsVersion = 7.2.1;
						TestTargetID = E03E307D1CAA9ABC00683A23;
					};
					E03E30A11CAA9ABC00683A23 = {
						CreatedOnToolsVersion = 7.2.1;
						TestTargetID = E03E307D1CAA9ABC00683A23;
					};
				};
			};
			buildConfigurationList = E03E30791CAA9ABC00683A23 /* Build configuration list for PBXProject "CustomButton" */;
			compatibilityVersion = "Xcode 3.2";
			developmentRegion = English;
			hasScannedForEncodings = 0;
			knownRegions = (
				en,
				Base,
			);
			mainGroup = E03E30751CAA9ABC00683A23;
			productRefGroup = E03E307F1CAA9ABC00683A23 /* Products */;
			projectDirPath = "";
			projectRoot = "";
			targets = (
				E03E307D1CAA9ABC00683A23 /* CustomButton */,
				E03E30961CAA9ABC00683A23 /* CustomButtonTests */,
				E03E30A11CAA9ABC00683A23 /* CustomButtonUITests */,
			);
		};
/* End PBXProject section */

/* Begin PBXResourcesBuildPhase section */
		E03E307C1CAA9ABC00683A23 /* Resources */ = {
			isa = PBXResourcesBuildPhase;
			buildActionMask = 2147483647;
			files = (
				E03E30C61CAA9C7800683A23 /* home.xcassets in Resources */,
			);
			runOnlyForDeploymentPostprocessing = 0;
		};
		E03E30951CAA9ABC00683A23 /* Resources */ = {
			isa = PBXResourcesBuildPhase;
			buildActionMask = 2147483647;
			files = (
			);
			runOnlyForDeploymentPostprocessing = 0;
		};
		E03E30A01CAA9ABC00683A23 /* Resources */ = {
			isa = PBXResourcesBuildPhase;
			buildActionMask = 2147483647;
			files = (
			);
			runOnlyForDeploymentPostprocessing = 0;
		};
/* End PBXResourcesBuildPhase section */

/* Begin PBXShellScriptBuildPhase section */
		984F55E1205F3F3A34F00846 /* Check Pods Manifest.lock */ = {
			isa = PBXShellScriptBuildPhase;
			buildActionMask = 2147483647;
			files = (
			);
			inputPaths = (
			);
			name = "Check Pods Manifest.lock";
			outputPaths = (
			);
			runOnlyForDeploymentPostprocessing = 0;
			shellPath = /bin/sh;
			shellScript = "diff \"${PODS_ROOT}/../Podfile.lock\" \"${PODS_ROOT}/Manifest.lock\" > /dev/null\nif [[ $? != 0 ]] ; then\n    cat << EOM\nerror: The sandbox is not in sync with the Podfile.lock. Run 'pod install' or update your CocoaPods installation.\nEOM\n    exit 1\nfi\n";
			showEnvVarsInLog = 0;
		};
		E10F8D17C9C8139A924DAF5A /* Copy Pods Resources */ = {
			isa = PBXShellScriptBuildPhase;
			buildActionMask = 2147483647;
			files = (
			);
			inputPaths = (
			);
			name = "Copy Pods Resources";
			outputPaths = (
			);
			runOnlyForDeploymentPostprocessing = 0;
			shellPath = /bin/sh;
			shellScript = "\"${SRCROOT}/Pods/Target Support Files/Pods/Pods-resources.sh\"\n";
			showEnvVarsInLog = 0;
		};
/* End PBXShellScriptBuildPhase section */

/* Begin PBXSourcesBuildPhase section */
		E03E307A1CAA9ABC00683A23 /* Sources */ = {
			isa = PBXSourcesBuildPhase;
			buildActionMask = 2147483647;
			files = (
				E03E30C41CAA9C7800683A23 /* HJHomeButtonTableViewCell.m in Sources */,
				E03E30C31CAA9C7800683A23 /* HJHomeButton.m in Sources */,
				E03E30C21CAA9C7800683A23 /* HJHomeBannTableViewCell.m in Sources */,
				E03E30C51CAA9C7800683A23 /* HJHomeViewController.m in Sources */,
				E03E30C11CAA9C7800683A23 /* GGBannerView.m in Sources */,
			);
			runOnlyForDeploymentPostprocessing = 0;
		};
		E03E30931CAA9ABC00683A23 /* Sources */ = {
			isa = PBXSourcesBuildPhase;
			buildActionMask = 2147483647;
			files = (
				E03E309C1CAA9ABC00683A23 /* CustomButtonTests.m in Sources */,
			);
			runOnlyForDeploymentPostprocessing = 0;
		};
		E03E309E1CAA9ABC00683A23 /* Sources */ = {
			isa = PBXSourcesBuildPhase;
			buildActionMask = 2147483647;
			files = (
				E03E30A71CAA9ABC00683A23 /* CustomButtonUITests.m in Sources */,
			);
			runOnlyForDeploymentPostprocessing = 0;
		};
/* End PBXSourcesBuildPhase section */

/* Begin PBXTargetDependency section */
		E03E30991CAA9ABC00683A23 /* PBXTargetDependency */ = {
			isa = PBXTargetDependency;
			target = E03E307D1CAA9ABC00683A23 /* CustomButton */;
			targetProxy = E03E30981CAA9ABC00683A23 /* PBXContainerItemProxy */;
		};
		E03E30A41CAA9ABC00683A23 /* PBXTargetDependency */ = {
			isa = PBXTargetDependency;
			target = E03E307D1CAA9ABC00683A23 /* CustomButton */;
			targetProxy = E03E30A31CAA9ABC00683A23 /* PBXContainerItemProxy */;
		};
/* End PBXTargetDependency section */

/* Begin XCBuildConfiguration section */
		E03E30A91CAA9ABC00683A23 /* Debug */ = {
			isa = XCBuildConfiguration;
			buildSettings = {
				ALWAYS_SEARCH_USER_PATHS = NO;
				CLANG_CXX_LANGUAGE_STANDARD = "gnu++0x";
				CLANG_CXX_LIBRARY = "libc++";
				CLANG_ENABLE_MODULES = YES;
				CLANG_ENABLE_OBJC_ARC = YES;
				CLANG_WARN_BOOL_CONVERSION = YES;
				CLANG_WARN_CONSTANT_CONVERSION = YES;
				CLANG_WARN_DIRECT_OBJC_ISA_USAGE = YES_ERROR;
				CLANG_WARN_EMPTY_BODY = YES;
				CLANG_WARN_ENUM_CONVERSION = YES;
				CLANG_WARN_INT_CONVERSION = YES;
				CLANG_WARN_OBJC_ROOT_CLASS = YES_ERROR;
				CLANG_WARN_UNREACHABLE_CODE = YES;
				CLANG_WARN__DUPLICATE_METHOD_MATCH = YES;
				"CODE_SIGN_IDENTITY[sdk=iphoneos*]" = "iPhone Developer";
				COPY_PHASE_STRIP = NO;
				DEBUG_INFORMATION_FORMAT = dwarf;
				ENABLE_STRICT_OBJC_MSGSEND = YES;
				ENABLE_TESTABILITY = YES;
				GCC_C_LANGUAGE_STANDARD = gnu99;
				GCC_DYNAMIC_NO_PIC = NO;
				GCC_NO_COMMON_BLOCKS = YES;
				GCC_OPTIMIZATION_LEVEL = 0;
				GCC_PREPROCESSOR_DEFINITIONS = (
					"DEBUG=1",
					"$(inherited)",
				);
				GCC_WARN_64_TO_32_BIT_CONVERSION = YES;
				GCC_WARN_ABOUT_RETURN_TYPE = YES_ERROR;
				GCC_WARN_UNDECLARED_SELECTOR = YES;
				GCC_WARN_UNINITIALIZED_AUTOS = YES_AGGRESSIVE;
				GCC_WARN_UNUSED_FUNCTION = YES;
				GCC_WARN_UNUSED_VARIABLE = YES;
				IPHONEOS_DEPLOYMENT_TARGET = 9.2;
				MTL_ENABLE_DEBUG_INFO = YES;
				ONLY_ACTIVE_ARCH = YES;
				SDKROOT = iphoneos;
			};
			name = Debug;
		};
		E03E30AA1CAA9ABC00683A23 /* Release */ = {
			isa = XCBuildConfiguration;
			buildSettings = {
				ALWAYS_SEARCH_USER_PATHS = NO;
				CLANG_CXX_LANGUAGE_STANDARD = "gnu++0x";
				CLANG_CXX_LIBRARY = "libc++";
				CLANG_ENABLE_MODULES = YES;
				CLANG_ENABLE_OBJC_ARC = YES;
				CLANG_WARN_BOOL_CONVERSION = YES;
				CLANG_WARN_CONSTANT_CONVERSION = YES;
				CLANG_WARN_DIRECT_OBJC_ISA_USAGE = YES_ERROR;
				CLANG_WARN_EMPTY_BODY = YES;
				CLANG_WARN_ENUM_CONVERSION = YES;
				CLANG_WARN_INT_CONVERSION = YES;
				CLANG_WARN_OBJC_ROOT_CLASS = YES_ERROR;
				CLANG_WARN_UNREACHABLE_CODE = YES;
				CLANG_WARN__DUPLICATE_METHOD_MATCH = YES;
				"CODE_SIGN_IDENTITY[sdk=iphoneos*]" = "iPhone Developer";
				COPY_PHASE_STRIP = NO;
				DEBUG_INFORMATION_FORMAT = "dwarf-with-dsym";
				ENABLE_NS_ASSERTIONS = NO;
				ENABLE_STRICT_OBJC_MSGSEND = YES;
				GCC_C_LANGUAGE_STANDARD = gnu99;
				GCC_NO_COMMON_BLOCKS = YES;
				GCC_WARN_64_TO_32_BIT_CONVERSION = YES;
				GCC_WARN_ABOUT_RETURN_TYPE = YES_ERROR;
				GCC_WARN_UNDECLARED_SELECTOR = YES;
				GCC_WARN_UNINITIALIZED_AUTOS = YES_AGGRESSIVE;
				GCC_WARN_UNUSED_FUNCTION = YES;
				GCC_WARN_UNUSED_VARIABLE = YES;
				IPHONEOS_DEPLOYMENT_TARGET = 9.2;
				MTL_ENABLE_DEBUG_INFO = NO;
				SDKROOT = iphoneos;
				VALIDATE_PRODUCT = YES;
			};
			name = Release;
		};
		E03E30AC1CAA9ABC00683A23 /* Debug */ = {
			isa = XCBuildConfiguration;
			baseConfigurationReference = E9138604A2E31A6A79F497CB /* Pods.debug.xcconfig */;
			buildSettings = {
				ASSETCATALOG_COMPILER_APPICON_NAME = AppIcon;
				INFOPLIST_FILE = CustomButton/Info.plist;
				LD_RUNPATH_SEARCH_PATHS = "$(inherited) @executable_path/Frameworks";
				LIBRARY_SEARCH_PATHS = (
					"$(inherited)",
					"$(PROJECT_DIR)/build/Debug-iphoneos",
				);
				ONLY_ACTIVE_ARCH = YES;
				PRODUCT_BUNDLE_IDENTIFIER = com.hjojo.CustomButton;
				PRODUCT_NAME = "$(TARGET_NAME)";
				SDKROOT = iphoneos9.2;
			};
			name = Debug;
		};
		E03E30AD1CAA9ABC00683A23 /* Release */ = {
			isa = XCBuildConfiguration;
			baseConfigurationReference = 5F723646E658E6C50B5A366F /* Pods.release.xcconfig */;
			buildSettings = {
				ASSETCATALOG_COMPILER_APPICON_NAME = AppIcon;
				INFOPLIST_FILE = CustomButton/Info.plist;
				LD_RUNPATH_SEARCH_PATHS = "$(inherited) @executable_path/Frameworks";
				LIBRARY_SEARCH_PATHS = (
					"$(inherited)",
					"$(PROJECT_DIR)/build/Debug-iphoneos",
				);
				ONLY_ACTIVE_ARCH = YES;
				PRODUCT_BUNDLE_IDENTIFIER = com.hjojo.CustomButton;
				PRODUCT_NAME = "$(TARGET_NAME)";
				SDKROOT = iphoneos9.2;
			};
			name = Release;
		};
		E03E30AF1CAA9ABC00683A23 /* Debug */ = {
			isa = XCBuildConfiguration;
			buildSettings = {
				BUNDLE_LOADER = "$(TEST_HOST)";
				INFOPLIST_FILE = CustomButtonTests/Info.plist;
				LD_RUNPATH_SEARCH_PATHS = "$(inherited) @executable_path/Frameworks @loader_path/Frameworks";
				PRODUCT_BUNDLE_IDENTIFIER = com.hjojo.CustomButtonTests;
				PRODUCT_NAME = "$(TARGET_NAME)";
				TEST_HOST = "$(BUILT_PRODUCTS_DIR)/CustomButton.app/CustomButton";
			};
			name = Debug;
		};
		E03E30B01CAA9ABC00683A23 /* Release */ = {
			isa = XCBuildConfiguration;
			buildSettings = {
				BUNDLE_LOADER = "$(TEST_HOST)";
				INFOPLIST_FILE = CustomButtonTests/Info.plist;
				LD_RUNPATH_SEARCH_PATHS = "$(inherited) @executable_path/Frameworks @loader_path/Frameworks";
				PRODUCT_BUNDLE_IDENTIFIER = com.hjojo.CustomButtonTests;
				PRODUCT_NAME = "$(TARGET_NAME)";
				TEST_HOST = "$(BUILT_PRODUCTS_DIR)/CustomButton.app/CustomButton";
			};
			name = Release;
		};
		E03E30B21CAA9ABC00683A23 /* Debug */ = {
			isa = XCBuildConfiguration;
			buildSettings = {
				INFOPLIST_FILE = CustomButtonUITests/Info.plist;
				LD_RUNPATH_SEARCH_PATHS = "$(inherited) @executable_path/Frameworks @loader_path/Frameworks";
				PRODUCT_BUNDLE_IDENTIFIER = com.hjojo.CustomButtonUITests;
				PRODUCT_NAME = "$(TARGET_NAME)";
				TEST_TARGET_NAME = CustomButton;
				USES_XCTRUNNER = YES;
			};
			name = Debug;
		};
		E03E30B31CAA9ABC00683A23 /* Release */ = {
			isa = XCBuildConfiguration;
			buildSettings = {
				INFOPLIST_FILE = CustomButtonUITests/Info.plist;
				LD_RUNPATH_SEARCH_PATHS = "$(inherited) @executable_path/Frameworks @loader_path/Frameworks";
				PRODUCT_BUNDLE_IDENTIFIER = com.hjojo.CustomButtonUITests;
				PRODUCT_NAME = "$(TARGET_NAME)";
				TEST_TARGET_NAME = CustomButton;
				USES_XCTRUNNER = YES;
			};
			name = Release;
		};
/* End XCBuildConfiguration section */

/* Begin XCConfigurationList section */
		E03E30791CAA9ABC00683A23 /* Build configuration list for PBXProject "CustomButton" */ = {
			isa = XCConfigurationList;
			buildConfigurations = (
				E03E30A91CAA9ABC00683A23 /* Debug */,
				E03E30AA1CAA9ABC00683A23 /* Release */,
			);
			defaultConfigurationIsVisible = 0;
			defaultConfigurationName = Release;
		};
		E03E30AB1CAA9ABC00683A23 /* Build configuration list for PBXNativeTarget "CustomButton" */ = {
			isa = XCConfigurationList;
			buildConfigurations = (
				E03E30AC1CAA9ABC00683A23 /* Debug */,
				E03E30AD1CAA9ABC00683A23 /* Release */,
			);
			defaultConfigurationIsVisible = 0;
			defaultConfigurationName = Release;
		};
		E03E30AE1CAA9ABC00683A23 /* Build configuration list for PBXNativeTarget "CustomButtonTests" */ = {
			isa = XCConfigurationList;
			buildConfigurations = (
				E03E30AF1CAA9ABC00683A23 /* Debug */,
				E03E30B01CAA9ABC00683A23 /* Release */,
			);
			defaultConfigurationIsVisible = 0;
			defaultConfigurationName = Release;
		};
		E03E30B11CAA9ABC00683A23 /* Build configuration list for PBXNativeTarget "CustomButtonUITests" */ = {
			isa = XCConfigurationList;
			buildConfigurations = (
				E03E30B21CAA9ABC00683A23 /* Debug */,
				E03E30B31CAA9ABC00683A23 /* Release */,
			);
			defaultConfigurationIsVisible = 0;
			defaultConfigurationName = Release;
		};
/* End XCConfigurationList section */
	};
	rootObject = E03E30761CAA9ABC00683A23 /* Project object */;
}
